
Microsoft Visual Studio Solution File, Format Version 11.00
# Visual Studio 2010
Project("{FAE04EC0-301F-11D3-BF4B-00C04F79EFBC}") = "Assembly-CSharp", "Assembly-CSharp.csproj", "{a123cdd4-50c1-9a72-9350-64898a95749a}"
EndProject
Project("{FAE04EC0-301F-11D3-BF4B-00C04F79EFBC}") = "Boxophobic.Utils.Scripts", "Boxophobic.Utils.Scripts.csproj", "{4dfc2be5-a72f-1571-a487-040f49712579}"
EndProject
Project("{FAE04EC0-301F-11D3-BF4B-00C04F79EFBC}") = "Boxophobic.Utils.Editor", "Boxophobic.Utils.Editor.csproj", "{c7fb9714-0f57-fe4d-042a-13c085639d2c}"
EndProject
Project("{FAE04EC0-301F-11D3-BF4B-00C04F79EFBC}") = "Boxophobic.SkyboxCubemapExtended.Editor", "Boxophobic.SkyboxCubemapExtended.Editor.csproj", "{103c5f1d-18fb-389c-d98c-abd5cc12bc6d}"
EndProject
Global
	GlobalSection(SolutionConfigurationPlatforms) = preSolution
		Debug|Any CPU = Debug|Any CPU
		Release|Any CPU = Release|Any CPU
	EndGlobalSection
	GlobalSection(ProjectConfigurationPlatforms) = postSolution
		{a123cdd4-50c1-9a72-9350-64898a95749a}.Debug|Any CPU.ActiveCfg = Debug|Any CPU
		{a123cdd4-50c1-9a72-9350-64898a95749a}.Debug|Any CPU.Build.0 = Debug|Any CPU
		{a123cdd4-50c1-9a72-9350-64898a95749a}.Release|Any CPU.ActiveCfg = Release|Any CPU
		{a123cdd4-50c1-9a72-9350-64898a95749a}.Release|Any CPU.Build.0 = Release|Any CPU
		{4dfc2be5-a72f-1571-a487-040f49712579}.Debug|Any CPU.ActiveCfg = Debug|Any CPU
		{4dfc2be5-a72f-1571-a487-040f49712579}.Debug|Any CPU.Build.0 = Debug|Any CPU
		{4dfc2be5-a72f-1571-a487-040f49712579}.Release|Any CPU.ActiveCfg = Release|Any CPU
		{4dfc2be5-a72f-1571-a487-040f49712579}.Release|Any CPU.Build.0 = Release|Any CPU
		{c7fb9714-0f57-fe4d-042a-13c085639d2c}.Debug|Any CPU.ActiveCfg = Debug|Any CPU
		{c7fb9714-0f57-fe4d-042a-13c085639d2c}.Debug|Any CPU.Build.0 = Debug|Any CPU
		{c7fb9714-0f57-fe4d-042a-13c085639d2c}.Release|Any CPU.ActiveCfg = Release|Any CPU
		{c7fb9714-0f57-fe4d-042a-13c085639d2c}.Release|Any CPU.Build.0 = Release|Any CPU
		{103c5f1d-18fb-389c-d98c-abd5cc12bc6d}.Debug|Any CPU.ActiveCfg = Debug|Any CPU
		{103c5f1d-18fb-389c-d98c-abd5cc12bc6d}.Debug|Any CPU.Build.0 = Debug|Any CPU
		{103c5f1d-18fb-389c-d98c-abd5cc12bc6d}.Release|Any CPU.ActiveCfg = Release|Any CPU
		{103c5f1d-18fb-389c-d98c-abd5cc12bc6d}.Release|Any CPU.Build.0 = Release|Any CPU
	EndGlobalSection
	GlobalSection(SolutionProperties) = preSolution
		HideSolutionNode = FALSE
	EndGlobalSection
EndGlobal
